
Microsoft Visual Studio Solution File, Format Version 12.00
# Visual Studio Version 17
VisualStudioVersion = 17.2.32526.322
MinimumVisualStudioVersion = 10.0.40219.1
Project("{FAE04EC0-301F-11D3-BF4B-00C04F79EFBC}") = "AntiGravRoom", "AntiGravRoom.csproj", "{B0DEE339-0212-4DB6-9160-D7C70ADC31E1}"
EndProject
Global
	GlobalSection(SolutionConfigurationPlatforms) = preSolution
		Debug|Any CPU = Debug|Any CPU
		Release|Any CPU = Release|Any CPU
	EndGlobalSection
	GlobalSection(ProjectConfigurationPlatforms) = postSolution
		{B0DEE339-0212-4DB6-9160-D7C70ADC31E1}.Debug|Any CPU.ActiveCfg = Debug|Any CPU
		{B0DEE339-0212-4DB6-9160-D7C70ADC31E1}.Debug|Any CPU.Build.0 = Debug|Any CPU
		{B0DEE339-0212-4DB6-9160-D7C70ADC31E1}.Release|Any CPU.ActiveCfg = Release|Any CPU
		{B0DEE339-0212-4DB6-9160-D7C70ADC31E1}.Release|Any CPU.Build.0 = Release|Any CPU
	EndGlobalSection
	GlobalSection(SolutionProperties) = preSolution
		HideSolutionNode = FALSE
	EndGlobalSection
	GlobalSection(ExtensibilityGlobals) = postSolution
		SolutionGuid = {D3B514B4-8D1F-452C-AED5-8E8BBCB7FE7E}
	EndGlobalSection
EndGlobal
